
Microsoft Visual Studio Solution File, Format Version 12.00
# Visual Studio Version 17
VisualStudioVersion = 17.7.34003.232
MinimumVisualStudioVersion = 10.0.40219.1
Project("{9A19103F-16F7-4668-BE54-9A1E7A4F7556}") = "Barberia.Shared", "Barberia.Shared\Barberia.Shared.csproj", "{233F52A2-7055-4442-AE48-ACAB75B311A1}"
EndProject
Project("{9A19103F-16F7-4668-BE54-9A1E7A4F7556}") = "Barberia.API", "Barberia.API\Barberia.API.csproj", "{DD2F3896-B1EC-46F7-95D2-A27A8A4BF9C3}"
EndProject
Project("{9A19103F-16F7-4668-BE54-9A1E7A4F7556}") = "Barberia.WEB", "Barberia.WEB\Barberia.WEB.csproj", "{6457BA5F-1A84-4780-A654-88D49BB7A6F6}"
	ProjectSection(ProjectDependencies) = postProject
		{233F52A2-7055-4442-AE48-ACAB75B311A1} = {233F52A2-7055-4442-AE48-ACAB75B311A1}
	EndProjectSection
EndProject
Global
	GlobalSection(SolutionConfigurationPlatforms) = preSolution
		Debug|Any CPU = Debug|Any CPU
		Release|Any CPU = Release|Any CPU
	EndGlobalSection
	GlobalSection(ProjectConfigurationPlatforms) = postSolution
		{233F52A2-7055-4442-AE48-ACAB75B311A1}.Debug|Any CPU.ActiveCfg = Debug|Any CPU
		{233F52A2-7055-4442-AE48-ACAB75B311A1}.Debug|Any CPU.Build.0 = Debug|Any CPU
		{233F52A2-7055-4442-AE48-ACAB75B311A1}.Release|Any CPU.ActiveCfg = Release|Any CPU
		{233F52A2-7055-4442-AE48-ACAB75B311A1}.Release|Any CPU.Build.0 = Release|Any CPU
		{DD2F3896-B1EC-46F7-95D2-A27A8A4BF9C3}.Debug|Any CPU.ActiveCfg = Debug|Any CPU
		{DD2F3896-B1EC-46F7-95D2-A27A8A4BF9C3}.Debug|Any CPU.Build.0 = Debug|Any CPU
		{DD2F3896-B1EC-46F7-95D2-A27A8A4BF9C3}.Release|Any CPU.ActiveCfg = Release|Any CPU
		{DD2F3896-B1EC-46F7-95D2-A27A8A4BF9C3}.Release|Any CPU.Build.0 = Release|Any CPU
		{6457BA5F-1A84-4780-A654-88D49BB7A6F6}.Debug|Any CPU.ActiveCfg = Debug|Any CPU
		{6457BA5F-1A84-4780-A654-88D49BB7A6F6}.Debug|Any CPU.Build.0 = Debug|Any CPU
		{6457BA5F-1A84-4780-A654-88D49BB7A6F6}.Release|Any CPU.ActiveCfg = Release|Any CPU
		{6457BA5F-1A84-4780-A654-88D49BB7A6F6}.Release|Any CPU.Build.0 = Release|Any CPU
	EndGlobalSection
	GlobalSection(SolutionProperties) = preSolution
		HideSolutionNode = FALSE
	EndGlobalSection
	GlobalSection(ExtensibilityGlobals) = postSolution
		SolutionGuid = {94712457-EC62-45DC-BB64-7BD2062BED3E}
	EndGlobalSection
EndGlobal
